# @generated by Move, please check-in and do not edit manually.

[move]
version = 3
manifest_digest = "51B3E10636FC9814373570345FCC5EE8B5760D0BDDF3CD02F646648EB77EEA08"
deps_digest = "F8BBB0CCB2491CA29A3DF03D6F92277A4F3574266507ACD77214D37ECA3F3082"
dependencies = [
  { id = "Sui", name = "Sui" },
]

[[move.package]]
id = "MoveStdlib"
source = { git = "https://github.com/MystenLabs/sui.git", rev = "framework/testnet", subdir = "crates/sui-framework/packages/move-stdlib" }

[[move.package]]
id = "Sui"
source = { git = "https://github.com/MystenLabs/sui.git", rev = "framework/testnet", subdir = "crates/sui-framework/packages/sui-framework" }

dependencies = [
  { id = "MoveStdlib", name = "MoveStdlib" },
]

[move.toolchain-version]
compiler-version = "1.59.1"
edition = "2024.beta"
flavor = "sui"

[env]

[env.testnet]
chain-id = "4c78adac"
original-published-id = "0xe5128896e1f2c60e992844d747752741d2c421bc4a40f8d6aface49aa085c3c7"
latest-published-id = "0xe5128896e1f2c60e992844d747752741d2c421bc4a40f8d6aface49aa085c3c7"
published-version = "1"
